# This file was autogenerated by Stack.
# You should not edit this file by hand.
# For more information, please see the documentation at:
#   https://docs.haskellstack.org/en/stable/topics/lock_files

packages:
- completed:
    commit: 435c5ba371f5d85a10d356b7d65f6f33348667fc
    git: https://github.com/lunaticare/codecov-haskell.git
    name: codecov-haskell
    pantry-tree:
      sha256: f90c03772f2062f65aed9d4ee5df20d77bcd7c9ded887883850e0e357767c445
      size: 1401
    version: 0.5.0.1
  original:
    commit: 435c5ba371f5d85a10d356b7d65f6f33348667fc
    git: https://github.com/lunaticare/codecov-haskell.git
- completed:
    hackage: random-strings-0.1.1.0@sha256:935a7a23dab45411960df77636a29b44ce42b89eeb15f2b1e809d771491fa677,2517
    pantry-tree:
      sha256: 5a382966fdd8d5220b5791f3bff6db00d2ea29235e2716dadd52461b8a8beb97
      size: 663
  original:
    hackage: random-strings-0.1.1.0@sha256:935a7a23dab45411960df77636a29b44ce42b89eeb15f2b1e809d771491fa677,2517
snapshots:
- completed:
    sha256: 28a863b358647f2d952fe7085ba11561aeb63eca6bc6fd1ce8fcf1cfe63717f5
    size: 719127
    url: https://raw.githubusercontent.com/commercialhaskell/stackage-snapshots/master/lts/22/24.yaml
  original: lts-22.24
